
Microsoft Visual Studio Solution File, Format Version 12.00
# Visual Studio Version 16
VisualStudioVersion = 16.0.31424.327
MinimumVisualStudioVersion = 10.0.40219.1
Project("{FAE04EC0-301F-11D3-BF4B-00C04F79EFBC}") = "Prototype", "Prototype\Prototype.csproj", "{777B7AD6-E105-4391-876E-ADFE999AB23F}"
EndProject
Global
	GlobalSection(SolutionConfigurationPlatforms) = preSolution
		Debug|Any CPU = Debug|Any CPU
		Release|Any CPU = Release|Any CPU
	EndGlobalSection
	GlobalSection(ProjectConfigurationPlatforms) = postSolution
		{777B7AD6-E105-4391-876E-ADFE999AB23F}.Debug|Any CPU.ActiveCfg = Debug|Any CPU
		{777B7AD6-E105-4391-876E-ADFE999AB23F}.Debug|Any CPU.Build.0 = Debug|Any CPU
		{777B7AD6-E105-4391-876E-ADFE999AB23F}.Release|Any CPU.ActiveCfg = Release|Any CPU
		{777B7AD6-E105-4391-876E-ADFE999AB23F}.Release|Any CPU.Build.0 = Release|Any CPU
	EndGlobalSection
	GlobalSection(SolutionProperties) = preSolution
		HideSolutionNode = FALSE
	EndGlobalSection
	GlobalSection(ExtensibilityGlobals) = postSolution
		SolutionGuid = {73EC98D6-1818-4A84-86CE-C9661108CC2A}
	EndGlobalSection
EndGlobal
